// !$*UTF8*$!
{
	archiveVersion = 1;
	classes = {
	};
	objectVersion = 55;
	objects = {

/* Begin PBXBuildFile section */
		321C5A2A28522B430092C4E4 /* MiniMapView.swift in Sources */ = {isa = PBXBuildFile; fileRef = 321C5A2928522B430092C4E4 /* MiniMapView.swift */; };
		321C5A2D285302B40092C4E4 /* worldMapView.swift in Sources */ = {isa = PBXBuildFile; fileRef = 321C5A2C285302B40092C4E4 /* worldMapView.swift */; };
		321C5A2F285323580092C4E4 /* InventoryView.swift in Sources */ = {isa = PBXBuildFile; fileRef = 321C5A2E285323580092C4E4 /* InventoryView.swift */; };
		321CF1AD2850882800F3B920 /* ContentView.swift in Sources */ = {isa = PBXBuildFile; fileRef = 321CF1AC2850882800F3B920 /* ContentView.swift */; };
		321CF1AF2850882A00F3B920 /* Assets.xcassets in Resources */ = {isa = PBXBuildFile; fileRef = 321CF1AE2850882A00F3B920 /* Assets.xcassets */; };
		321CF1B22850882A00F3B920 /* Preview Assets.xcassets in Resources */ = {isa = PBXBuildFile; fileRef = 321CF1B12850882A00F3B920 /* Preview Assets.xcassets */; };
		321CF1BC2850882A00F3B920 /* Gabwatni_CaveTests.swift in Sources */ = {isa = PBXBuildFile; fileRef = 321CF1BB2850882A00F3B920 /* Gabwatni_CaveTests.swift */; };
		321CF1C62850882A00F3B920 /* Gabwatni_CaveUITests.swift in Sources */ = {isa = PBXBuildFile; fileRef = 321CF1C52850882A00F3B920 /* Gabwatni_CaveUITests.swift */; };
		321CF1C82850882A00F3B920 /* Gabwatni_CaveUITestsLaunchTests.swift in Sources */ = {isa = PBXBuildFile; fileRef = 321CF1C72850882A00F3B920 /* Gabwatni_CaveUITestsLaunchTests.swift */; };
		3234D74D285878EE001654D4 /* BGM.swift in Sources */ = {isa = PBXBuildFile; fileRef = 3234D74C285878EE001654D4 /* BGM.swift */; };
		3234D75228587E07001654D4 /* RainEffect.swift in Sources */ = {isa = PBXBuildFile; fileRef = 3234D75128587E07001654D4 /* RainEffect.swift */; };
		3234D75628587E31001654D4 /* MyParticle.sks in Resources */ = {isa = PBXBuildFile; fileRef = 3234D75428587E31001654D4 /* MyParticle.sks */; };
		3234D75C28588706001654D4 /* rain.mp3 in Resources */ = {isa = PBXBuildFile; fileRef = 3234D75B28588706001654D4 /* rain.mp3 */; };
		323DD3CA285863FC005986EF /* boss.json in Resources */ = {isa = PBXBuildFile; fileRef = 323DD3C9285863FC005986EF /* boss.json */; };
		323DD3CC28586422005986EF /* bossView.swift in Sources */ = {isa = PBXBuildFile; fileRef = 323DD3CB28586422005986EF /* bossView.swift */; };
		323DD3CF28586462005986EF /* Lottie in Frameworks */ = {isa = PBXBuildFile; productRef = 323DD3CE28586462005986EF /* Lottie */; };
		32B8EB6A285206A9009C1DC4 /* DeepDarkView.swift in Sources */ = {isa = PBXBuildFile; fileRef = 32B8EB69285206A9009C1DC4 /* DeepDarkView.swift */; };
		32C476942857194F003D0BB4 /* DeepDarkView-start.swift in Sources */ = {isa = PBXBuildFile; fileRef = 32C476932857194F003D0BB4 /* DeepDarkView-start.swift */; };
		32C4769628571A8B003D0BB4 /* DeepDarkControl.swift in Sources */ = {isa = PBXBuildFile; fileRef = 32C4769528571A8B003D0BB4 /* DeepDarkControl.swift */; };
		32D522932854B93800344DC0 /* NextStageImageView.swift in Sources */ = {isa = PBXBuildFile; fileRef = 32D522922854B93800344DC0 /* NextStageImageView.swift */; };
		6E01FB4A28520B4A00B98789 /* DeathView.swift in Sources */ = {isa = PBXBuildFile; fileRef = 6E01FB4928520B4A00B98789 /* DeathView.swift */; };
		6E01FB4D28520B6E00B98789 /* TwilightView.swift in Sources */ = {isa = PBXBuildFile; fileRef = 6E01FB4C28520B6E00B98789 /* TwilightView.swift */; };
		6E01FB4F28520B7800B98789 /* ShimmeringItemView.swift in Sources */ = {isa = PBXBuildFile; fileRef = 6E01FB4E28520B7800B98789 /* ShimmeringItemView.swift */; };
		6E01FB5228520B8A00B98789 /* Shimmer in Frameworks */ = {isa = PBXBuildFile; productRef = 6E01FB5128520B8A00B98789 /* Shimmer */; };
		6E01FB542852128200B98789 /* NextStageButtonView.swift in Sources */ = {isa = PBXBuildFile; fileRef = 6E01FB532852128200B98789 /* NextStageButtonView.swift */; };
		6E01FB562852245000B98789 /* TestLightView.swift in Sources */ = {isa = PBXBuildFile; fileRef = 6E01FB552852245000B98789 /* TestLightView.swift */; };
		6E23694E28585FDA002F19F3 /* LightView.swift in Sources */ = {isa = PBXBuildFile; fileRef = 6E23694D28585FDA002F19F3 /* LightView.swift */; };
		6E2369502858607F002F19F3 /* LightItemView.swift in Sources */ = {isa = PBXBuildFile; fileRef = 6E23694F2858607F002F19F3 /* LightItemView.swift */; };
		7810DA3A2852081200069CFB /* EntranceView.swift in Sources */ = {isa = PBXBuildFile; fileRef = 7810DA392852081200069CFB /* EntranceView.swift */; };
		7810DA3D2852189800069CFB /* Sam3KRFont.ttf in Resources */ = {isa = PBXBuildFile; fileRef = 7810DA3C2852189800069CFB /* Sam3KRFont.ttf */; };
		7810DA4028521C8000069CFB /* EntranceControl.swift in Sources */ = {isa = PBXBuildFile; fileRef = 7810DA3F28521C8000069CFB /* EntranceControl.swift */; };
		7810DA4228521F2900069CFB /* EntranceView-stone.swift in Sources */ = {isa = PBXBuildFile; fileRef = 7810DA4128521F2900069CFB /* EntranceView-stone.swift */; };
		7810DA4428522C4D00069CFB /* EntranceView-info.swift in Sources */ = {isa = PBXBuildFile; fileRef = 7810DA4328522C4D00069CFB /* EntranceView-info.swift */; };
		78259A442855998D0096AB51 /* EntranceView-start.swift in Sources */ = {isa = PBXBuildFile; fileRef = 78259A432855998D0096AB51 /* EntranceView-start.swift */; };
		78259A462855D5C90096AB51 /* EntranceView-end.swift in Sources */ = {isa = PBXBuildFile; fileRef = 78259A452855D5C90096AB51 /* EntranceView-end.swift */; };
		78259A4C2856686F0096AB51 /* newTextBox.swift in Sources */ = {isa = PBXBuildFile; fileRef = 78259A4B2856686F0096AB51 /* newTextBox.swift */; };
		787554AF285327B500CF7F61 /* textBox.swift in Sources */ = {isa = PBXBuildFile; fileRef = 787554AE285327B500CF7F61 /* textBox.swift */; };
		7B9E61B1285204AB00C931F4 /* Abyss.swift in Sources */ = {isa = PBXBuildFile; fileRef = 7B9E61B0285204AB00C931F4 /* Abyss.swift */; };
		7B9E61B328520E1000C931F4 /* QuizView.swift in Sources */ = {isa = PBXBuildFile; fileRef = 7B9E61B228520E1000C931F4 /* QuizView.swift */; };
		7B9E61B728520E4900C931F4 /* Quiz.swift in Sources */ = {isa = PBXBuildFile; fileRef = 7B9E61B628520E4900C931F4 /* Quiz.swift */; };
		7BE8736328538182006AEE89 /* QuizModel.swift in Sources */ = {isa = PBXBuildFile; fileRef = 7BE8736228538182006AEE89 /* QuizModel.swift */; };
		7BE8736728538F8E006AEE89 /* RandomGameView.swift in Sources */ = {isa = PBXBuildFile; fileRef = 7BE8736628538F8E006AEE89 /* RandomGameView.swift */; };
		7BF24D55285855A200227E2E /* ClearView.swift in Sources */ = {isa = PBXBuildFile; fileRef = 7BF24D54285855A200227E2E /* ClearView.swift */; };
		7BF24D57285862CF00227E2E /* Gabwatni_CaveApp.swift in Sources */ = {isa = PBXBuildFile; fileRef = 7BF24D56285862CF00227E2E /* Gabwatni_CaveApp.swift */; };
		8EF731AA28570EB500D9A61A /* StartView.swift in Sources */ = {isa = PBXBuildFile; fileRef = 8EF731A928570EB500D9A61A /* StartView.swift */; };
		8EF731AC28570F1800D9A61A /* CharacterView.swift in Sources */ = {isa = PBXBuildFile; fileRef = 8EF731AB28570F1800D9A61A /* CharacterView.swift */; };
		8EF731AE2857247D00D9A61A /* IntroControl.swift in Sources */ = {isa = PBXBuildFile; fileRef = 8EF731AD2857247D00D9A61A /* IntroControl.swift */; };
		8EF731B02857279B00D9A61A /* StartMapView.swift in Sources */ = {isa = PBXBuildFile; fileRef = 8EF731AF2857279B00D9A61A /* StartMapView.swift */; };
		CCF62576285703C9006C245D /* ShineViewModifier.swift in Sources */ = {isa = PBXBuildFile; fileRef = CCF62575285703C9006C245D /* ShineViewModifier.swift */; };
		CCF6C24B2852092D00C48E22 /* AncestorView.swift in Sources */ = {isa = PBXBuildFile; fileRef = CCF6C24A2852092D00C48E22 /* AncestorView.swift */; };
		CCF6C24E28522CA200C48E22 /* CardModel.swift in Sources */ = {isa = PBXBuildFile; fileRef = CCF6C24D28522CA200C48E22 /* CardModel.swift */; };
		CCF6C25028522CB000C48E22 /* CardView.swift in Sources */ = {isa = PBXBuildFile; fileRef = CCF6C24F28522CB000C48E22 /* CardView.swift */; };
/* End PBXBuildFile section */

/* Begin PBXContainerItemProxy section */
		321CF1B82850882A00F3B920 /* PBXContainerItemProxy */ = {
			isa = PBXContainerItemProxy;
			containerPortal = 321CF19F2850882800F3B920 /* Project object */;
			proxyType = 1;
			remoteGlobalIDString = 321CF1A62850882800F3B920;
			remoteInfo = Gabwatni_Cave;
		};
		321CF1C22850882A00F3B920 /* PBXContainerItemProxy */ = {
			isa = PBXContainerItemProxy;
			containerPortal = 321CF19F2850882800F3B920 /* Project object */;
			proxyType = 1;
			remoteGlobalIDString = 321CF1A62850882800F3B920;
			remoteInfo = Gabwatni_Cave;
		};
/* End PBXContainerItemProxy section */

/* Begin PBXFileReference section */
		321C5A2928522B430092C4E4 /* MiniMapView.swift */ = {isa = PBXFileReference; lastKnownFileType = sourcecode.swift; path = MiniMapView.swift; sourceTree = "<group>"; };
		321C5A2C285302B40092C4E4 /* worldMapView.swift */ = {isa = PBXFileReference; lastKnownFileType = sourcecode.swift; path = worldMapView.swift; sourceTree = "<group>"; };
		321C5A2E285323580092C4E4 /* InventoryView.swift */ = {isa = PBXFileReference; lastKnownFileType = sourcecode.swift; path = InventoryView.swift; sourceTree = "<group>"; };
		321CF1A72850882800F3B920 /* Gabwatni_Cave.app */ = {isa = PBXFileReference; explicitFileType = wrapper.application; includeInIndex = 0; path = Gabwatni_Cave.app; sourceTree = BUILT_PRODUCTS_DIR; };
		321CF1AC2850882800F3B920 /* ContentView.swift */ = {isa = PBXFileReference; lastKnownFileType = sourcecode.swift; path = ContentView.swift; sourceTree = "<group>"; };
		321CF1AE2850882A00F3B920 /* Assets.xcassets */ = {isa = PBXFileReference; lastKnownFileType = folder.assetcatalog; path = Assets.xcassets; sourceTree = "<group>"; };
		321CF1B12850882A00F3B920 /* Preview Assets.xcassets */ = {isa = PBXFileReference; lastKnownFileType = folder.assetcatalog; path = "Preview Assets.xcassets"; sourceTree = "<group>"; };
		321CF1B72850882A00F3B920 /* Gabwatni_CaveTests.xctest */ = {isa = PBXFileReference; explicitFileType = wrapper.cfbundle; includeInIndex = 0; path = Gabwatni_CaveTests.xctest; sourceTree = BUILT_PRODUCTS_DIR; };
		321CF1BB2850882A00F3B920 /* Gabwatni_CaveTests.swift */ = {isa = PBXFileReference; lastKnownFileType = sourcecode.swift; path = Gabwatni_CaveTests.swift; sourceTree = "<group>"; };
		321CF1C12850882A00F3B920 /* Gabwatni_CaveUITests.xctest */ = {isa = PBXFileReference; explicitFileType = wrapper.cfbundle; includeInIndex = 0; path = Gabwatni_CaveUITests.xctest; sourceTree = BUILT_PRODUCTS_DIR; };
		321CF1C52850882A00F3B920 /* Gabwatni_CaveUITests.swift */ = {isa = PBXFileReference; lastKnownFileType = sourcecode.swift; path = Gabwatni_CaveUITests.swift; sourceTree = "<group>"; };
		321CF1C72850882A00F3B920 /* Gabwatni_CaveUITestsLaunchTests.swift */ = {isa = PBXFileReference; lastKnownFileType = sourcecode.swift; path = Gabwatni_CaveUITestsLaunchTests.swift; sourceTree = "<group>"; };
		3234D74C285878EE001654D4 /* BGM.swift */ = {isa = PBXFileReference; lastKnownFileType = sourcecode.swift; path = BGM.swift; sourceTree = "<group>"; };
		3234D75128587E07001654D4 /* RainEffect.swift */ = {isa = PBXFileReference; lastKnownFileType = sourcecode.swift; path = RainEffect.swift; sourceTree = "<group>"; };
		3234D75428587E31001654D4 /* MyParticle.sks */ = {isa = PBXFileReference; lastKnownFileType = file.sks; path = MyParticle.sks; sourceTree = "<group>"; };
		3234D75B28588706001654D4 /* rain.mp3 */ = {isa = PBXFileReference; lastKnownFileType = audio.mp3; path = rain.mp3; sourceTree = "<group>"; };
		323DD3C9285863FC005986EF /* boss.json */ = {isa = PBXFileReference; fileEncoding = 4; lastKnownFileType = text.json; path = boss.json; sourceTree = "<group>"; };
		323DD3CB28586422005986EF /* bossView.swift */ = {isa = PBXFileReference; lastKnownFileType = sourcecode.swift; path = bossView.swift; sourceTree = "<group>"; };
		32B8EB69285206A9009C1DC4 /* DeepDarkView.swift */ = {isa = PBXFileReference; lastKnownFileType = sourcecode.swift; path = DeepDarkView.swift; sourceTree = "<group>"; };
		32C476932857194F003D0BB4 /* DeepDarkView-start.swift */ = {isa = PBXFileReference; lastKnownFileType = sourcecode.swift; path = "DeepDarkView-start.swift"; sourceTree = "<group>"; };
		32C4769528571A8B003D0BB4 /* DeepDarkControl.swift */ = {isa = PBXFileReference; lastKnownFileType = sourcecode.swift; path = DeepDarkControl.swift; sourceTree = "<group>"; };
		32D522922854B93800344DC0 /* NextStageImageView.swift */ = {isa = PBXFileReference; lastKnownFileType = sourcecode.swift; path = NextStageImageView.swift; sourceTree = "<group>"; };
		6E01FB4928520B4A00B98789 /* DeathView.swift */ = {isa = PBXFileReference; lastKnownFileType = sourcecode.swift; path = DeathView.swift; sourceTree = "<group>"; };
		6E01FB4C28520B6E00B98789 /* TwilightView.swift */ = {isa = PBXFileReference; lastKnownFileType = sourcecode.swift; path = TwilightView.swift; sourceTree = "<group>"; };
		6E01FB4E28520B7800B98789 /* ShimmeringItemView.swift */ = {isa = PBXFileReference; lastKnownFileType = sourcecode.swift; path = ShimmeringItemView.swift; sourceTree = "<group>"; };
		6E01FB532852128200B98789 /* NextStageButtonView.swift */ = {isa = PBXFileReference; lastKnownFileType = sourcecode.swift; path = NextStageButtonView.swift; sourceTree = "<group>"; };
		6E01FB552852245000B98789 /* TestLightView.swift */ = {isa = PBXFileReference; lastKnownFileType = sourcecode.swift; path = TestLightView.swift; sourceTree = "<group>"; };
		6E23694D28585FDA002F19F3 /* LightView.swift */ = {isa = PBXFileReference; lastKnownFileType = sourcecode.swift; path = LightView.swift; sourceTree = "<group>"; };
		6E23694F2858607F002F19F3 /* LightItemView.swift */ = {isa = PBXFileReference; lastKnownFileType = sourcecode.swift; path = LightItemView.swift; sourceTree = "<group>"; };
		7810DA392852081200069CFB /* EntranceView.swift */ = {isa = PBXFileReference; lastKnownFileType = sourcecode.swift; path = EntranceView.swift; sourceTree = "<group>"; };
		7810DA3C2852189800069CFB /* Sam3KRFont.ttf */ = {isa = PBXFileReference; lastKnownFileType = file; path = Sam3KRFont.ttf; sourceTree = "<group>"; };
		7810DA3E285218AF00069CFB /* Gabwatni-Cave-Info.plist */ = {isa = PBXFileReference; lastKnownFileType = text.plist; path = "Gabwatni-Cave-Info.plist"; sourceTree = SOURCE_ROOT; };
		7810DA3F28521C8000069CFB /* EntranceControl.swift */ = {isa = PBXFileReference; lastKnownFileType = sourcecode.swift; path = EntranceControl.swift; sourceTree = "<group>"; };
		7810DA4128521F2900069CFB /* EntranceView-stone.swift */ = {isa = PBXFileReference; lastKnownFileType = sourcecode.swift; path = "EntranceView-stone.swift"; sourceTree = "<group>"; };
		7810DA4328522C4D00069CFB /* EntranceView-info.swift */ = {isa = PBXFileReference; lastKnownFileType = sourcecode.swift; path = "EntranceView-info.swift"; sourceTree = "<group>"; };
		78259A432855998D0096AB51 /* EntranceView-start.swift */ = {isa = PBXFileReference; lastKnownFileType = sourcecode.swift; path = "EntranceView-start.swift"; sourceTree = "<group>"; };
		78259A452855D5C90096AB51 /* EntranceView-end.swift */ = {isa = PBXFileReference; lastKnownFileType = sourcecode.swift; path = "EntranceView-end.swift"; sourceTree = "<group>"; };
		78259A4B2856686F0096AB51 /* newTextBox.swift */ = {isa = PBXFileReference; lastKnownFileType = sourcecode.swift; path = newTextBox.swift; sourceTree = "<group>"; };
		787554AE285327B500CF7F61 /* textBox.swift */ = {isa = PBXFileReference; lastKnownFileType = sourcecode.swift; path = textBox.swift; sourceTree = "<group>"; };
		7B9E61B0285204AB00C931F4 /* Abyss.swift */ = {isa = PBXFileReference; lastKnownFileType = sourcecode.swift; path = Abyss.swift; sourceTree = "<group>"; };
		7B9E61B228520E1000C931F4 /* QuizView.swift */ = {isa = PBXFileReference; lastKnownFileType = sourcecode.swift; path = QuizView.swift; sourceTree = "<group>"; };
		7B9E61B628520E4900C931F4 /* Quiz.swift */ = {isa = PBXFileReference; lastKnownFileType = sourcecode.swift; path = Quiz.swift; sourceTree = "<group>"; };
		7BE8736228538182006AEE89 /* QuizModel.swift */ = {isa = PBXFileReference; lastKnownFileType = sourcecode.swift; path = QuizModel.swift; sourceTree = "<group>"; };
		7BE8736628538F8E006AEE89 /* RandomGameView.swift */ = {isa = PBXFileReference; lastKnownFileType = sourcecode.swift; path = RandomGameView.swift; sourceTree = "<group>"; };
		7BF24D54285855A200227E2E /* ClearView.swift */ = {isa = PBXFileReference; lastKnownFileType = sourcecode.swift; path = ClearView.swift; sourceTree = "<group>"; };
		7BF24D56285862CF00227E2E /* Gabwatni_CaveApp.swift */ = {isa = PBXFileReference; fileEncoding = 4; lastKnownFileType = sourcecode.swift; path = Gabwatni_CaveApp.swift; sourceTree = "<group>"; };
		8EF731A928570EB500D9A61A /* StartView.swift */ = {isa = PBXFileReference; lastKnownFileType = sourcecode.swift; path = StartView.swift; sourceTree = "<group>"; };
		8EF731AB28570F1800D9A61A /* CharacterView.swift */ = {isa = PBXFileReference; lastKnownFileType = sourcecode.swift; path = CharacterView.swift; sourceTree = "<group>"; };
		8EF731AD2857247D00D9A61A /* IntroControl.swift */ = {isa = PBXFileReference; lastKnownFileType = sourcecode.swift; path = IntroControl.swift; sourceTree = "<group>"; };
		8EF731AF2857279B00D9A61A /* StartMapView.swift */ = {isa = PBXFileReference; lastKnownFileType = sourcecode.swift; path = StartMapView.swift; sourceTree = "<group>"; };
		CCF62575285703C9006C245D /* ShineViewModifier.swift */ = {isa = PBXFileReference; lastKnownFileType = sourcecode.swift; path = ShineViewModifier.swift; sourceTree = "<group>"; };
		CCF6C24A2852092D00C48E22 /* AncestorView.swift */ = {isa = PBXFileReference; lastKnownFileType = sourcecode.swift; path = AncestorView.swift; sourceTree = "<group>"; };
		CCF6C24D28522CA200C48E22 /* CardModel.swift */ = {isa = PBXFileReference; lastKnownFileType = sourcecode.swift; path = CardModel.swift; sourceTree = "<group>"; };
		CCF6C24F28522CB000C48E22 /* CardView.swift */ = {isa = PBXFileReference; lastKnownFileType = sourcecode.swift; path = CardView.swift; sourceTree = "<group>"; };
/* End PBXFileReference section */

/* Begin PBXFrameworksBuildPhase section */
		321CF1A42850882800F3B920 /* Frameworks */ = {
			isa = PBXFrameworksBuildPhase;
			buildActionMask = 2147483647;
			files = (
				6E01FB5228520B8A00B98789 /* Shimmer in Frameworks */,
				323DD3CF28586462005986EF /* Lottie in Frameworks */,
			);
			runOnlyForDeploymentPostprocessing = 0;
		};
		321CF1B42850882A00F3B920 /* Frameworks */ = {
			isa = PBXFrameworksBuildPhase;
			buildActionMask = 2147483647;
			files = (
			);
			runOnlyForDeploymentPostprocessing = 0;
		};
		321CF1BE2850882A00F3B920 /* Frameworks */ = {
			isa = PBXFrameworksBuildPhase;
			buildActionMask = 2147483647;
			files = (
			);
			runOnlyForDeploymentPostprocessing = 0;
		};
/* End PBXFrameworksBuildPhase section */

/* Begin PBXGroup section */
		321C5A2828522B200092C4E4 /* MiniMap */ = {
			isa = PBXGroup;
			children = (
				321C5A2928522B430092C4E4 /* MiniMapView.swift */,
			);
			path = MiniMap;
			sourceTree = "<group>";
		};
		321C5A2B285302A20092C4E4 /* WorldMap */ = {
			isa = PBXGroup;
			children = (
				321C5A2C285302B40092C4E4 /* worldMapView.swift */,
			);
			path = WorldMap;
			sourceTree = "<group>";
		};
		321CF19E2850882800F3B920 = {
			isa = PBXGroup;
			children = (
				321CF1A92850882800F3B920 /* Gabwatni_Cave */,
				321CF1BA2850882A00F3B920 /* Gabwatni_CaveTests */,
				321CF1C42850882A00F3B920 /* Gabwatni_CaveUITests */,
				321CF1A82850882800F3B920 /* Products */,
			);
			sourceTree = "<group>";
		};
		321CF1A82850882800F3B920 /* Products */ = {
			isa = PBXGroup;
			children = (
				321CF1A72850882800F3B920 /* Gabwatni_Cave.app */,
				321CF1B72850882A00F3B920 /* Gabwatni_CaveTests.xctest */,
				321CF1C12850882A00F3B920 /* Gabwatni_CaveUITests.xctest */,
			);
			name = Products;
			sourceTree = "<group>";
		};
		321CF1A92850882800F3B920 /* Gabwatni_Cave */ = {
			isa = PBXGroup;
			children = (
				3234D74B285878E0001654D4 /* Sound */,
				7BF24D56285862CF00227E2E /* Gabwatni_CaveApp.swift */,
				321CF1AC2850882800F3B920 /* ContentView.swift */,
				7810DA3E285218AF00069CFB /* Gabwatni-Cave-Info.plist */,
				7B9E61B428520E2B00C931F4 /* Model */,
				7B9E61B528520E3300C931F4 /* ViewModel */,
				8EF731AF2857279B00D9A61A /* StartMapView.swift */,
				CCF6C2492852092000C48E22 /* StartZone */,
				7810DA38285207F600069CFB /* EntranceZone */,
				6E01FB4B28520B6200B98789 /* TwilightZone */,
				7B9E61AF2852043200C931F4 /* DarkZone */,
				7BF24D54285855A200227E2E /* ClearView.swift */,
				6E01FB4E28520B7800B98789 /* ShimmeringItemView.swift */,
				321C5A2E285323580092C4E4 /* InventoryView.swift */,
				8EF731AB28570F1800D9A61A /* CharacterView.swift */,
				8EF731A928570EB500D9A61A /* StartView.swift */,
				6E23694F2858607F002F19F3 /* LightItemView.swift */,
				6E23694D28585FDA002F19F3 /* LightView.swift */,
				6E01FB552852245000B98789 /* TestLightView.swift */,
				6E01FB532852128200B98789 /* NextStageButtonView.swift */,
				78259A4B2856686F0096AB51 /* newTextBox.swift */,
				787554AE285327B500CF7F61 /* textBox.swift */,
				6E01FB4828520B2C00B98789 /* DeathView */,
				321C5A2B285302A20092C4E4 /* WorldMap */,
				321C5A2828522B200092C4E4 /* MiniMap */,
				CCF6C24C28522C6300C48E22 /* Card */,
				7810DA3B2852188200069CFB /* fonts */,
				321CF1AE2850882A00F3B920 /* Assets.xcassets */,
				321CF1B02850882A00F3B920 /* Preview Content */,
				8EF731AD2857247D00D9A61A /* IntroControl.swift */,
			);
			path = Gabwatni_Cave;
			sourceTree = "<group>";
		};
		321CF1B02850882A00F3B920 /* Preview Content */ = {
			isa = PBXGroup;
			children = (
				321CF1B12850882A00F3B920 /* Preview Assets.xcassets */,
			);
			path = "Preview Content";
			sourceTree = "<group>";
		};
		321CF1BA2850882A00F3B920 /* Gabwatni_CaveTests */ = {
			isa = PBXGroup;
			children = (
				321CF1BB2850882A00F3B920 /* Gabwatni_CaveTests.swift */,
			);
			path = Gabwatni_CaveTests;
			sourceTree = "<group>";
		};
		321CF1C42850882A00F3B920 /* Gabwatni_CaveUITests */ = {
			isa = PBXGroup;
			children = (
				321CF1C52850882A00F3B920 /* Gabwatni_CaveUITests.swift */,
				321CF1C72850882A00F3B920 /* Gabwatni_CaveUITestsLaunchTests.swift */,
			);
			path = Gabwatni_CaveUITests;
			sourceTree = "<group>";
		};
		3234D74B285878E0001654D4 /* Sound */ = {
			isa = PBXGroup;
			children = (
				3234D74E28587A73001654D4 /* Sounds */,
				3234D74C285878EE001654D4 /* BGM.swift */,
			);
			path = Sound;
			sourceTree = "<group>";
		};
		3234D74E28587A73001654D4 /* Sounds */ = {
			isa = PBXGroup;
			children = (
				3234D75B28588706001654D4 /* rain.mp3 */,
			);
			path = Sounds;
			sourceTree = "<group>";
		};
		3234D75328587E16001654D4 /* SpriteFiles */ = {
			isa = PBXGroup;
			children = (
				3234D75428587E31001654D4 /* MyParticle.sks */,
			);
			path = SpriteFiles;
			sourceTree = "<group>";
		};
		32B8EB6728520652009C1DC4 /* Abyss */ = {
			isa = PBXGroup;
			children = (
				323DD3C9285863FC005986EF /* boss.json */,
				323DD3CB28586422005986EF /* bossView.swift */,
				7B9E61B0285204AB00C931F4 /* Abyss.swift */,
				7B9E61B228520E1000C931F4 /* QuizView.swift */,
				7BE8736628538F8E006AEE89 /* RandomGameView.swift */,
			);
			path = Abyss;
			sourceTree = "<group>";
		};
		32B8EB682852067D009C1DC4 /* DeepDark */ = {
			isa = PBXGroup;
			children = (
				32C4769528571A8B003D0BB4 /* DeepDarkControl.swift */,
				32C476932857194F003D0BB4 /* DeepDarkView-start.swift */,
				32B8EB69285206A9009C1DC4 /* DeepDarkView.swift */,
				32D522922854B93800344DC0 /* NextStageImageView.swift */,
			);
			path = DeepDark;
			sourceTree = "<group>";
		};
		6E01FB4828520B2C00B98789 /* DeathView */ = {
			isa = PBXGroup;
			children = (
				6E01FB4928520B4A00B98789 /* DeathView.swift */,
			);
			path = DeathView;
			sourceTree = "<group>";
		};
		6E01FB4B28520B6200B98789 /* TwilightZone */ = {
			isa = PBXGroup;
			children = (
				6E01FB4C28520B6E00B98789 /* TwilightView.swift */,
			);
			path = TwilightZone;
			sourceTree = "<group>";
		};
		7810DA38285207F600069CFB /* EntranceZone */ = {
			isa = PBXGroup;
			children = (
				7810DA3F28521C8000069CFB /* EntranceControl.swift */,
				78259A432855998D0096AB51 /* EntranceView-start.swift */,
				7810DA392852081200069CFB /* EntranceView.swift */,
				7810DA4128521F2900069CFB /* EntranceView-stone.swift */,
				7810DA4328522C4D00069CFB /* EntranceView-info.swift */,
				78259A452855D5C90096AB51 /* EntranceView-end.swift */,
			);
			path = EntranceZone;
			sourceTree = "<group>";
		};
		7810DA3B2852188200069CFB /* fonts */ = {
			isa = PBXGroup;
			children = (
				7810DA3C2852189800069CFB /* Sam3KRFont.ttf */,
			);
			path = fonts;
			sourceTree = "<group>";
		};
		7B9E61AF2852043200C931F4 /* DarkZone */ = {
			isa = PBXGroup;
			children = (
				32B8EB682852067D009C1DC4 /* DeepDark */,
				32B8EB6728520652009C1DC4 /* Abyss */,
			);
			path = DarkZone;
			sourceTree = "<group>";
		};
		7B9E61B428520E2B00C931F4 /* Model */ = {
			isa = PBXGroup;
			children = (
				7B9E61B628520E4900C931F4 /* Quiz.swift */,
			);
			path = Model;
			sourceTree = "<group>";
		};
		7B9E61B528520E3300C931F4 /* ViewModel */ = {
			isa = PBXGroup;
			children = (
				7BE8736228538182006AEE89 /* QuizModel.swift */,
			);
			path = ViewModel;
			sourceTree = "<group>";
		};
		CCF6C2492852092000C48E22 /* StartZone */ = {
			isa = PBXGroup;
			children = (
				3234D75328587E16001654D4 /* SpriteFiles */,
				CCF6C24A2852092D00C48E22 /* AncestorView.swift */,
				3234D75128587E07001654D4 /* RainEffect.swift */,
			);
			path = StartZone;
			sourceTree = "<group>";
		};
		CCF6C24C28522C6300C48E22 /* Card */ = {
			isa = PBXGroup;
			children = (
				CCF6C24D28522CA200C48E22 /* CardModel.swift */,
				CCF6C24F28522CB000C48E22 /* CardView.swift */,
				CCF62575285703C9006C245D /* ShineViewModifier.swift */,
			);
			path = Card;
			sourceTree = "<group>";
		};
/* End PBXGroup section */

/* Begin PBXNativeTarget section */
		321CF1A62850882800F3B920 /* Gabwatni_Cave */ = {
			isa = PBXNativeTarget;
			buildConfigurationList = 321CF1CB2850882A00F3B920 /* Build configuration list for PBXNativeTarget "Gabwatni_Cave" */;
			buildPhases = (
				321CF1A32850882800F3B920 /* Sources */,
				321CF1A42850882800F3B920 /* Frameworks */,
				321CF1A52850882800F3B920 /* Resources */,
			);
			buildRules = (
			);
			dependencies = (
			);
			name = Gabwatni_Cave;
			packageProductDependencies = (
				6E01FB5128520B8A00B98789 /* Shimmer */,
				323DD3CE28586462005986EF /* Lottie */,
			);
			productName = Gabwatni_Cave;
			productReference = 321CF1A72850882800F3B920 /* Gabwatni_Cave.app */;
			productType = "com.apple.product-type.application";
		};
		321CF1B62850882A00F3B920 /* Gabwatni_CaveTests */ = {
			isa = PBXNativeTarget;
			buildConfigurationList = 321CF1CE2850882A00F3B920 /* Build configuration list for PBXNativeTarget "Gabwatni_CaveTests" */;
			buildPhases = (
				321CF1B32850882A00F3B920 /* Sources */,
				321CF1B42850882A00F3B920 /* Frameworks */,
				321CF1B52850882A00F3B920 /* Resources */,
			);
			buildRules = (
			);
			dependencies = (
				321CF1B92850882A00F3B920 /* PBXTargetDependency */,
			);
			name = Gabwatni_CaveTests;
			productName = Gabwatni_CaveTests;
			productReference = 321CF1B72850882A00F3B920 /* Gabwatni_CaveTests.xctest */;
			productType = "com.apple.product-type.bundle.unit-test";
		};
		321CF1C02850882A00F3B920 /* Gabwatni_CaveUITests */ = {
			isa = PBXNativeTarget;
			buildConfigurationList = 321CF1D12850882A00F3B920 /* Build configuration list for PBXNativeTarget "Gabwatni_CaveUITests" */;
			buildPhases = (
				321CF1BD2850882A00F3B920 /* Sources */,
				321CF1BE2850882A00F3B920 /* Frameworks */,
				321CF1BF2850882A00F3B920 /* Resources */,
			);
			buildRules = (
			);
			dependencies = (
				321CF1C32850882A00F3B920 /* PBXTargetDependency */,
			);
			name = Gabwatni_CaveUITests;
			productName = Gabwatni_CaveUITests;
			productReference = 321CF1C12850882A00F3B920 /* Gabwatni_CaveUITests.xctest */;
			productType = "com.apple.product-type.bundle.ui-testing";
		};
/* End PBXNativeTarget section */

/* Begin PBXProject section */
		321CF19F2850882800F3B920 /* Project object */ = {
			isa = PBXProject;
			attributes = {
				BuildIndependentTargetsInParallel = 1;
				LastSwiftUpdateCheck = 1340;
				LastUpgradeCheck = 1340;
				TargetAttributes = {
					321CF1A62850882800F3B920 = {
						CreatedOnToolsVersion = 13.4.1;
					};
					321CF1B62850882A00F3B920 = {
						CreatedOnToolsVersion = 13.4.1;
						TestTargetID = 321CF1A62850882800F3B920;
					};
					321CF1C02850882A00F3B920 = {
						CreatedOnToolsVersion = 13.4.1;
						TestTargetID = 321CF1A62850882800F3B920;
					};
				};
			};
			buildConfigurationList = 321CF1A22850882800F3B920 /* Build configuration list for PBXProject "Gabwatni_Cave" */;
			compatibilityVersion = "Xcode 13.0";
			developmentRegion = en;
			hasScannedForEncodings = 0;
			knownRegions = (
				en,
				Base,
			);
			mainGroup = 321CF19E2850882800F3B920;
			packageReferences = (
				6E01FB5028520B8A00B98789 /* XCRemoteSwiftPackageReference "SwiftUI-Shimmer" */,
				323DD3CD28586462005986EF /* XCRemoteSwiftPackageReference "lottie-ios" */,
			);
			productRefGroup = 321CF1A82850882800F3B920 /* Products */;
			projectDirPath = "";
			projectRoot = "";
			targets = (
				321CF1A62850882800F3B920 /* Gabwatni_Cave */,
				321CF1B62850882A00F3B920 /* Gabwatni_CaveTests */,
				321CF1C02850882A00F3B920 /* Gabwatni_CaveUITests */,
			);
		};
/* End PBXProject section */

/* Begin PBXResourcesBuildPhase section */
		321CF1A52850882800F3B920 /* Resources */ = {
			isa = PBXResourcesBuildPhase;
			buildActionMask = 2147483647;
			files = (
				3234D75C28588706001654D4 /* rain.mp3 in Resources */,
				323DD3CA285863FC005986EF /* boss.json in Resources */,
				3234D75628587E31001654D4 /* MyParticle.sks in Resources */,
				321CF1B22850882A00F3B920 /* Preview Assets.xcassets in Resources */,
				7810DA3D2852189800069CFB /* Sam3KRFont.ttf in Resources */,
				321CF1AF2850882A00F3B920 /* Assets.xcassets in Resources */,
			);
			runOnlyForDeploymentPostprocessing = 0;
		};
		321CF1B52850882A00F3B920 /* Resources */ = {
			isa = PBXResourcesBuildPhase;
			buildActionMask = 2147483647;
			files = (
			);
			runOnlyForDeploymentPostprocessing = 0;
		};
		321CF1BF2850882A00F3B920 /* Resources */ = {
			isa = PBXResourcesBuildPhase;
			buildActionMask = 2147483647;
			files = (
			);
			runOnlyForDeploymentPostprocessing = 0;
		};
/* End PBXResourcesBuildPhase section */

/* Begin PBXSourcesBuildPhase section */
		321CF1A32850882800F3B920 /* Sources */ = {
			isa = PBXSourcesBuildPhase;
			buildActionMask = 2147483647;
			files = (
				7810DA4228521F2900069CFB /* EntranceView-stone.swift in Sources */,
				3234D74D285878EE001654D4 /* BGM.swift in Sources */,
				6E23694E28585FDA002F19F3 /* LightView.swift in Sources */,
				32C476942857194F003D0BB4 /* DeepDarkView-start.swift in Sources */,
				6E01FB4A28520B4A00B98789 /* DeathView.swift in Sources */,
				323DD3CC28586422005986EF /* bossView.swift in Sources */,
				321C5A2D285302B40092C4E4 /* worldMapView.swift in Sources */,
				78259A442855998D0096AB51 /* EntranceView-start.swift in Sources */,
				32D522932854B93800344DC0 /* NextStageImageView.swift in Sources */,
				7810DA3A2852081200069CFB /* EntranceView.swift in Sources */,
				7BE8736728538F8E006AEE89 /* RandomGameView.swift in Sources */,
				32B8EB6A285206A9009C1DC4 /* DeepDarkView.swift in Sources */,
				321CF1AD2850882800F3B920 /* ContentView.swift in Sources */,
				321C5A2A28522B430092C4E4 /* MiniMapView.swift in Sources */,
				6E01FB4D28520B6E00B98789 /* TwilightView.swift in Sources */,
				78259A462855D5C90096AB51 /* EntranceView-end.swift in Sources */,
				78259A4C2856686F0096AB51 /* newTextBox.swift in Sources */,
				7810DA4028521C8000069CFB /* EntranceControl.swift in Sources */,
				CCF62576285703C9006C245D /* ShineViewModifier.swift in Sources */,
				8EF731AA28570EB500D9A61A /* StartView.swift in Sources */,
				6E01FB4F28520B7800B98789 /* ShimmeringItemView.swift in Sources */,
				6E01FB562852245000B98789 /* TestLightView.swift in Sources */,
				32C4769628571A8B003D0BB4 /* DeepDarkControl.swift in Sources */,
				CCF6C24B2852092D00C48E22 /* AncestorView.swift in Sources */,
				8EF731AE2857247D00D9A61A /* IntroControl.swift in Sources */,
				7BF24D57285862CF00227E2E /* Gabwatni_CaveApp.swift in Sources */,
				7BF24D55285855A200227E2E /* ClearView.swift in Sources */,
				7BF24D57285862CF00227E2E /* Gabwatni_CaveApp.swift in Sources */,
				7BF24D55285855A200227E2E /* ClearView.swift in Sources */,
				7BF24D57285862CF00227E2E /* Gabwatni_CaveApp.swift in Sources */,
				7BF24D55285855A200227E2E /* ClearView.swift in Sources */,
				787554AF285327B500CF7F61 /* textBox.swift in Sources */,
				3234D75228587E07001654D4 /* RainEffect.swift in Sources */,
				321C5A2F285323580092C4E4 /* InventoryView.swift in Sources */,
				7B9E61B728520E4900C931F4 /* Quiz.swift in Sources */,
				7B9E61B328520E1000C931F4 /* QuizView.swift in Sources */,
				8EF731AC28570F1800D9A61A /* CharacterView.swift in Sources */,
				7B9E61B1285204AB00C931F4 /* Abyss.swift in Sources */,
				7810DA4428522C4D00069CFB /* EntranceView-info.swift in Sources */,
				6E01FB542852128200B98789 /* NextStageButtonView.swift in Sources */,
				6E2369502858607F002F19F3 /* LightItemView.swift in Sources */,
				7BE8736328538182006AEE89 /* QuizModel.swift in Sources */,
				8EF731B02857279B00D9A61A /* StartMapView.swift in Sources */,
				CCF6C25028522CB000C48E22 /* CardView.swift in Sources */,
				CCF6C24E28522CA200C48E22 /* CardModel.swift in Sources */,
			);
			runOnlyForDeploymentPostprocessing = 0;
		};
		321CF1B32850882A00F3B920 /* Sources */ = {
			isa = PBXSourcesBuildPhase;
			buildActionMask = 2147483647;
			files = (
				321CF1BC2850882A00F3B920 /* Gabwatni_CaveTests.swift in Sources */,
			);
			runOnlyForDeploymentPostprocessing = 0;
		};
		321CF1BD2850882A00F3B920 /* Sources */ = {
			isa = PBXSourcesBuildPhase;
			buildActionMask = 2147483647;
			files = (
				321CF1C82850882A00F3B920 /* Gabwatni_CaveUITestsLaunchTests.swift in Sources */,
				321CF1C62850882A00F3B920 /* Gabwatni_CaveUITests.swift in Sources */,
			);
			runOnlyForDeploymentPostprocessing = 0;
		};
/* End PBXSourcesBuildPhase section */

/* Begin PBXTargetDependency section */
		321CF1B92850882A00F3B920 /* PBXTargetDependency */ = {
			isa = PBXTargetDependency;
			target = 321CF1A62850882800F3B920 /* Gabwatni_Cave */;
			targetProxy = 321CF1B82850882A00F3B920 /* PBXContainerItemProxy */;
		};
		321CF1C32850882A00F3B920 /* PBXTargetDependency */ = {
			isa = PBXTargetDependency;
			target = 321CF1A62850882800F3B920 /* Gabwatni_Cave */;
			targetProxy = 321CF1C22850882A00F3B920 /* PBXContainerItemProxy */;
		};
/* End PBXTargetDependency section */

/* Begin XCBuildConfiguration section */
		321CF1C92850882A00F3B920 /* Debug */ = {
			isa = XCBuildConfiguration;
			buildSettings = {
				ALWAYS_SEARCH_USER_PATHS = NO;
				CLANG_ANALYZER_NONNULL = YES;
				CLANG_ANALYZER_NUMBER_OBJECT_CONVERSION = YES_AGGRESSIVE;
				CLANG_CXX_LANGUAGE_STANDARD = "gnu++17";
				CLANG_ENABLE_MODULES = YES;
				CLANG_ENABLE_OBJC_ARC = YES;
				CLANG_ENABLE_OBJC_WEAK = YES;
				CLANG_WARN_BLOCK_CAPTURE_AUTORELEASING = YES;
				CLANG_WARN_BOOL_CONVERSION = YES;
				CLANG_WARN_COMMA = YES;
				CLANG_WARN_CONSTANT_CONVERSION = YES;
				CLANG_WARN_DEPRECATED_OBJC_IMPLEMENTATIONS = YES;
				CLANG_WARN_DIRECT_OBJC_ISA_USAGE = YES_ERROR;
				CLANG_WARN_DOCUMENTATION_COMMENTS = YES;
				CLANG_WARN_EMPTY_BODY = YES;
				CLANG_WARN_ENUM_CONVERSION = YES;
				CLANG_WARN_INFINITE_RECURSION = YES;
				CLANG_WARN_INT_CONVERSION = YES;
				CLANG_WARN_NON_LITERAL_NULL_CONVERSION = YES;
				CLANG_WARN_OBJC_IMPLICIT_RETAIN_SELF = YES;
				CLANG_WARN_OBJC_LITERAL_CONVERSION = YES;
				CLANG_WARN_OBJC_ROOT_CLASS = YES_ERROR;
				CLANG_WARN_QUOTED_INCLUDE_IN_FRAMEWORK_HEADER = YES;
				CLANG_WARN_RANGE_LOOP_ANALYSIS = YES;
				CLANG_WARN_STRICT_PROTOTYPES = YES;
				CLANG_WARN_SUSPICIOUS_MOVE = YES;
				CLANG_WARN_UNGUARDED_AVAILABILITY = YES_AGGRESSIVE;
				CLANG_WARN_UNREACHABLE_CODE = YES;
				CLANG_WARN__DUPLICATE_METHOD_MATCH = YES;
				COPY_PHASE_STRIP = NO;
				DEBUG_INFORMATION_FORMAT = dwarf;
				ENABLE_STRICT_OBJC_MSGSEND = YES;
				ENABLE_TESTABILITY = YES;
				GCC_C_LANGUAGE_STANDARD = gnu11;
				GCC_DYNAMIC_NO_PIC = NO;
				GCC_NO_COMMON_BLOCKS = YES;
				GCC_OPTIMIZATION_LEVEL = 0;
				GCC_PREPROCESSOR_DEFINITIONS = (
					"DEBUG=1",
					"$(inherited)",
				);
				GCC_WARN_64_TO_32_BIT_CONVERSION = YES;
				GCC_WARN_ABOUT_RETURN_TYPE = YES_ERROR;
				GCC_WARN_UNDECLARED_SELECTOR = YES;
				GCC_WARN_UNINITIALIZED_AUTOS = YES_AGGRESSIVE;
				GCC_WARN_UNUSED_FUNCTION = YES;
				GCC_WARN_UNUSED_VARIABLE = YES;
				IPHONEOS_DEPLOYMENT_TARGET = 15.4;
				MTL_ENABLE_DEBUG_INFO = INCLUDE_SOURCE;
				MTL_FAST_MATH = YES;
				ONLY_ACTIVE_ARCH = YES;
				SDKROOT = iphoneos;
				SWIFT_ACTIVE_COMPILATION_CONDITIONS = DEBUG;
				SWIFT_OPTIMIZATION_LEVEL = "-Onone";
			};
			name = Debug;
		};
		321CF1CA2850882A00F3B920 /* Release */ = {
			isa = XCBuildConfiguration;
			buildSettings = {
				ALWAYS_SEARCH_USER_PATHS = NO;
				CLANG_ANALYZER_NONNULL = YES;
				CLANG_ANALYZER_NUMBER_OBJECT_CONVERSION = YES_AGGRESSIVE;
				CLANG_CXX_LANGUAGE_STANDARD = "gnu++17";
				CLANG_ENABLE_MODULES = YES;
				CLANG_ENABLE_OBJC_ARC = YES;
				CLANG_ENABLE_OBJC_WEAK = YES;
				CLANG_WARN_BLOCK_CAPTURE_AUTORELEASING = YES;
				CLANG_WARN_BOOL_CONVERSION = YES;
				CLANG_WARN_COMMA = YES;
				CLANG_WARN_CONSTANT_CONVERSION = YES;
				CLANG_WARN_DEPRECATED_OBJC_IMPLEMENTATIONS = YES;
				CLANG_WARN_DIRECT_OBJC_ISA_USAGE = YES_ERROR;
				CLANG_WARN_DOCUMENTATION_COMMENTS = YES;
				CLANG_WARN_EMPTY_BODY = YES;
				CLANG_WARN_ENUM_CONVERSION = YES;
				CLANG_WARN_INFINITE_RECURSION = YES;
				CLANG_WARN_INT_CONVERSION = YES;
				CLANG_WARN_NON_LITERAL_NULL_CONVERSION = YES;
				CLANG_WARN_OBJC_IMPLICIT_RETAIN_SELF = YES;
				CLANG_WARN_OBJC_LITERAL_CONVERSION = YES;
				CLANG_WARN_OBJC_ROOT_CLASS = YES_ERROR;
				CLANG_WARN_QUOTED_INCLUDE_IN_FRAMEWORK_HEADER = YES;
				CLANG_WARN_RANGE_LOOP_ANALYSIS = YES;
				CLANG_WARN_STRICT_PROTOTYPES = YES;
				CLANG_WARN_SUSPICIOUS_MOVE = YES;
				CLANG_WARN_UNGUARDED_AVAILABILITY = YES_AGGRESSIVE;
				CLANG_WARN_UNREACHABLE_CODE = YES;
				CLANG_WARN__DUPLICATE_METHOD_MATCH = YES;
				COPY_PHASE_STRIP = NO;
				DEBUG_INFORMATION_FORMAT = "dwarf-with-dsym";
				ENABLE_NS_ASSERTIONS = NO;
				ENABLE_STRICT_OBJC_MSGSEND = YES;
				GCC_C_LANGUAGE_STANDARD = gnu11;
				GCC_NO_COMMON_BLOCKS = YES;
				GCC_WARN_64_TO_32_BIT_CONVERSION = YES;
				GCC_WARN_ABOUT_RETURN_TYPE = YES_ERROR;
				GCC_WARN_UNDECLARED_SELECTOR = YES;
				GCC_WARN_UNINITIALIZED_AUTOS = YES_AGGRESSIVE;
				GCC_WARN_UNUSED_FUNCTION = YES;
				GCC_WARN_UNUSED_VARIABLE = YES;
				IPHONEOS_DEPLOYMENT_TARGET = 15.4;
				MTL_ENABLE_DEBUG_INFO = NO;
				MTL_FAST_MATH = YES;
				SDKROOT = iphoneos;
				SWIFT_COMPILATION_MODE = wholemodule;
				SWIFT_OPTIMIZATION_LEVEL = "-O";
				VALIDATE_PRODUCT = YES;
			};
			name = Release;
		};
		321CF1CC2850882A00F3B920 /* Debug */ = {
			isa = XCBuildConfiguration;
			buildSettings = {
				ASSETCATALOG_COMPILER_APPICON_NAME = AppIcon;
				ASSETCATALOG_COMPILER_GLOBAL_ACCENT_COLOR_NAME = AccentColor;
				CODE_SIGN_IDENTITY = "Apple Development";
				CODE_SIGN_STYLE = Automatic;
				CURRENT_PROJECT_VERSION = 1;
				DEVELOPMENT_ASSET_PATHS = "\"Gabwatni_Cave/Preview Content\"";
				DEVELOPMENT_TEAM = FRZRS5Y9L6;
				ENABLE_PREVIEWS = YES;
				GENERATE_INFOPLIST_FILE = YES;
				INFOPLIST_FILE = "Gabwatni-Cave-Info.plist";
				INFOPLIST_KEY_LSApplicationCategoryType = "";
				INFOPLIST_KEY_UIApplicationSceneManifest_Generation = YES;
				INFOPLIST_KEY_UIApplicationSupportsIndirectInputEvents = YES;
				INFOPLIST_KEY_UILaunchScreen_Generation = YES;
				INFOPLIST_KEY_UISupportedInterfaceOrientations_iPad = "UIInterfaceOrientationPortrait UIInterfaceOrientationPortraitUpsideDown UIInterfaceOrientationLandscapeLeft UIInterfaceOrientationLandscapeRight";
				INFOPLIST_KEY_UISupportedInterfaceOrientations_iPhone = "UIInterfaceOrientationPortrait UIInterfaceOrientationLandscapeLeft UIInterfaceOrientationLandscapeRight";
				LD_RUNPATH_SEARCH_PATHS = (
					"$(inherited)",
					"@executable_path/Frameworks",
				);
				MARKETING_VERSION = 1.0;
				PRODUCT_BUNDLE_IDENTIFIER = "com.dodo.Gabwatni-Cave";
				PRODUCT_NAME = "$(TARGET_NAME)";
				PROVISIONING_PROFILE_SPECIFIER = "";
				SWIFT_EMIT_LOC_STRINGS = YES;
				SWIFT_VERSION = 5.0;
				TARGETED_DEVICE_FAMILY = "1,2";
			};
			name = Debug;
		};
		321CF1CD2850882A00F3B920 /* Release */ = {
			isa = XCBuildConfiguration;
			buildSettings = {
				ASSETCATALOG_COMPILER_APPICON_NAME = AppIcon;
				ASSETCATALOG_COMPILER_GLOBAL_ACCENT_COLOR_NAME = AccentColor;
				CODE_SIGN_IDENTITY = "Apple Development";
				CODE_SIGN_STYLE = Automatic;
				CURRENT_PROJECT_VERSION = 1;
				DEVELOPMENT_ASSET_PATHS = "\"Gabwatni_Cave/Preview Content\"";
				DEVELOPMENT_TEAM = FRZRS5Y9L6;
				ENABLE_PREVIEWS = YES;
				GENERATE_INFOPLIST_FILE = YES;
				INFOPLIST_FILE = "Gabwatni-Cave-Info.plist";
				INFOPLIST_KEY_LSApplicationCategoryType = "";
				INFOPLIST_KEY_UIApplicationSceneManifest_Generation = YES;
				INFOPLIST_KEY_UIApplicationSupportsIndirectInputEvents = YES;
				INFOPLIST_KEY_UILaunchScreen_Generation = YES;
				INFOPLIST_KEY_UISupportedInterfaceOrientations_iPad = "UIInterfaceOrientationPortrait UIInterfaceOrientationPortraitUpsideDown UIInterfaceOrientationLandscapeLeft UIInterfaceOrientationLandscapeRight";
				INFOPLIST_KEY_UISupportedInterfaceOrientations_iPhone = "UIInterfaceOrientationPortrait UIInterfaceOrientationLandscapeLeft UIInterfaceOrientationLandscapeRight";
				LD_RUNPATH_SEARCH_PATHS = (
					"$(inherited)",
					"@executable_path/Frameworks",
				);
				MARKETING_VERSION = 1.0;
				PRODUCT_BUNDLE_IDENTIFIER = "com.dodo.Gabwatni-Cave";
				PRODUCT_NAME = "$(TARGET_NAME)";
				PROVISIONING_PROFILE_SPECIFIER = "";
				SWIFT_EMIT_LOC_STRINGS = YES;
				SWIFT_VERSION = 5.0;
				TARGETED_DEVICE_FAMILY = "1,2";
			};
			name = Release;
		};
		321CF1CF2850882A00F3B920 /* Debug */ = {
			isa = XCBuildConfiguration;
			buildSettings = {
				ALWAYS_EMBED_SWIFT_STANDARD_LIBRARIES = YES;
				BUNDLE_LOADER = "$(TEST_HOST)";
				CODE_SIGN_STYLE = Automatic;
				CURRENT_PROJECT_VERSION = 1;
				DEVELOPMENT_TEAM = FRZRS5Y9L6;
				GENERATE_INFOPLIST_FILE = YES;
				IPHONEOS_DEPLOYMENT_TARGET = 15.5;
				MARKETING_VERSION = 1.0;
				PRODUCT_BUNDLE_IDENTIFIER = "com.changBro.Gabwatni-CaveTests";
				PRODUCT_NAME = "$(TARGET_NAME)";
				SWIFT_EMIT_LOC_STRINGS = NO;
				SWIFT_VERSION = 5.0;
				TARGETED_DEVICE_FAMILY = "1,2";
				TEST_HOST = "$(BUILT_PRODUCTS_DIR)/Gabwatni_Cave.app/Gabwatni_Cave";
			};
			name = Debug;
		};
		321CF1D02850882A00F3B920 /* Release */ = {
			isa = XCBuildConfiguration;
			buildSettings = {
				ALWAYS_EMBED_SWIFT_STANDARD_LIBRARIES = YES;
				BUNDLE_LOADER = "$(TEST_HOST)";
				CODE_SIGN_STYLE = Automatic;
				CURRENT_PROJECT_VERSION = 1;
				DEVELOPMENT_TEAM = FRZRS5Y9L6;
				GENERATE_INFOPLIST_FILE = YES;
				IPHONEOS_DEPLOYMENT_TARGET = 15.5;
				MARKETING_VERSION = 1.0;
				PRODUCT_BUNDLE_IDENTIFIER = "com.changBro.Gabwatni-CaveTests";
				PRODUCT_NAME = "$(TARGET_NAME)";
				SWIFT_EMIT_LOC_STRINGS = NO;
				SWIFT_VERSION = 5.0;
				TARGETED_DEVICE_FAMILY = "1,2";
				TEST_HOST = "$(BUILT_PRODUCTS_DIR)/Gabwatni_Cave.app/Gabwatni_Cave";
			};
			name = Release;
		};
		321CF1D22850882A00F3B920 /* Debug */ = {
			isa = XCBuildConfiguration;
			buildSettings = {
				ALWAYS_EMBED_SWIFT_STANDARD_LIBRARIES = YES;
				CODE_SIGN_STYLE = Automatic;
				CURRENT_PROJECT_VERSION = 1;
				DEVELOPMENT_TEAM = FRZRS5Y9L6;
				GENERATE_INFOPLIST_FILE = YES;
				MARKETING_VERSION = 1.0;
				PRODUCT_BUNDLE_IDENTIFIER = "com.changBro.Gabwatni-CaveUITests";
				PRODUCT_NAME = "$(TARGET_NAME)";
				SWIFT_EMIT_LOC_STRINGS = NO;
				SWIFT_VERSION = 5.0;
				TARGETED_DEVICE_FAMILY = "1,2";
				TEST_TARGET_NAME = Gabwatni_Cave;
			};
			name = Debug;
		};
		321CF1D32850882A00F3B920 /* Release */ = {
			isa = XCBuildConfiguration;
			buildSettings = {
				ALWAYS_EMBED_SWIFT_STANDARD_LIBRARIES = YES;
				CODE_SIGN_STYLE = Automatic;
				CURRENT_PROJECT_VERSION = 1;
				DEVELOPMENT_TEAM = FRZRS5Y9L6;
				GENERATE_INFOPLIST_FILE = YES;
				MARKETING_VERSION = 1.0;
				PRODUCT_BUNDLE_IDENTIFIER = "com.changBro.Gabwatni-CaveUITests";
				PRODUCT_NAME = "$(TARGET_NAME)";
				SWIFT_EMIT_LOC_STRINGS = NO;
				SWIFT_VERSION = 5.0;
				TARGETED_DEVICE_FAMILY = "1,2";
				TEST_TARGET_NAME = Gabwatni_Cave;
			};
			name = Release;
		};
/* End XCBuildConfiguration section */

/* Begin XCConfigurationList section */
		321CF1A22850882800F3B920 /* Build configuration list for PBXProject "Gabwatni_Cave" */ = {
			isa = XCConfigurationList;
			buildConfigurations = (
				321CF1C92850882A00F3B920 /* Debug */,
				321CF1CA2850882A00F3B920 /* Release */,
			);
			defaultConfigurationIsVisible = 0;
			defaultConfigurationName = Release;
		};
		321CF1CB2850882A00F3B920 /* Build configuration list for PBXNativeTarget "Gabwatni_Cave" */ = {
			isa = XCConfigurationList;
			buildConfigurations = (
				321CF1CC2850882A00F3B920 /* Debug */,
				321CF1CD2850882A00F3B920 /* Release */,
			);
			defaultConfigurationIsVisible = 0;
			defaultConfigurationName = Release;
		};
		321CF1CE2850882A00F3B920 /* Build configuration list for PBXNativeTarget "Gabwatni_CaveTests" */ = {
			isa = XCConfigurationList;
			buildConfigurations = (
				321CF1CF2850882A00F3B920 /* Debug */,
				321CF1D02850882A00F3B920 /* Release */,
			);
			defaultConfigurationIsVisible = 0;
			defaultConfigurationName = Release;
		};
		321CF1D12850882A00F3B920 /* Build configuration list for PBXNativeTarget "Gabwatni_CaveUITests" */ = {
			isa = XCConfigurationList;
			buildConfigurations = (
				321CF1D22850882A00F3B920 /* Debug */,
				321CF1D32850882A00F3B920 /* Release */,
			);
			defaultConfigurationIsVisible = 0;
			defaultConfigurationName = Release;
		};
/* End XCConfigurationList section */

/* Begin XCRemoteSwiftPackageReference section */
		323DD3CD28586462005986EF /* XCRemoteSwiftPackageReference "lottie-ios" */ = {
			isa = XCRemoteSwiftPackageReference;
			repositoryURL = "https://github.com/airbnb/lottie-ios";
			requirement = {
				kind = upToNextMajorVersion;
				minimumVersion = 3.0.0;
			};
		};
		6E01FB5028520B8A00B98789 /* XCRemoteSwiftPackageReference "SwiftUI-Shimmer" */ = {
			isa = XCRemoteSwiftPackageReference;
			repositoryURL = "https://github.com/markiv/SwiftUI-Shimmer";
			requirement = {
				branch = main;
				kind = branch;
			};
		};
/* End XCRemoteSwiftPackageReference section */

/* Begin XCSwiftPackageProductDependency section */
		323DD3CE28586462005986EF /* Lottie */ = {
			isa = XCSwiftPackageProductDependency;
			package = 323DD3CD28586462005986EF /* XCRemoteSwiftPackageReference "lottie-ios" */;
			productName = Lottie;
		};
		6E01FB5128520B8A00B98789 /* Shimmer */ = {
			isa = XCSwiftPackageProductDependency;
			package = 6E01FB5028520B8A00B98789 /* XCRemoteSwiftPackageReference "SwiftUI-Shimmer" */;
			productName = Shimmer;
		};
/* End XCSwiftPackageProductDependency section */
	};
	rootObject = 321CF19F2850882800F3B920 /* Project object */;
}
